// !$*UTF8*$!
{
	archiveVersion = 1;
	classes = {
	};
	objectVersion = 55;
	objects = {

/* Begin PBXBuildFile section */
		FA30D32A28314E5F00EA2BAF /* Players.swift in Sources */ = {isa = PBXBuildFile; fileRef = FA30D32928314E5F00EA2BAF /* Players.swift */; };
		FA30D32F2831697F00EA2BAF /* ConnectFourViewModel.swift in Sources */ = {isa = PBXBuildFile; fileRef = FA30D32E2831697F00EA2BAF /* ConnectFourViewModel.swift */; };
		FA30D33128317A1A00EA2BAF /* ConnectFourView.swift in Sources */ = {isa = PBXBuildFile; fileRef = FA30D33028317A1A00EA2BAF /* ConnectFourView.swift */; };
		FA30D3332831C56D00EA2BAF /* ConnectFourGridView.swift in Sources */ = {isa = PBXBuildFile; fileRef = FA30D3322831C56D00EA2BAF /* ConnectFourGridView.swift */; };
		FA30D3352831C5E200EA2BAF /* ConnectFourCellView.swift in Sources */ = {isa = PBXBuildFile; fileRef = FA30D3342831C5E200EA2BAF /* ConnectFourCellView.swift */; };
		FA33040D282EA9ED0022F634 /* State.swift in Sources */ = {isa = PBXBuildFile; fileRef = FA33040C282EA9ED0022F634 /* State.swift */; };
		FA330411282EB11F0022F634 /* Action.swift in Sources */ = {isa = PBXBuildFile; fileRef = FA330410282EB11F0022F634 /* Action.swift */; };
		FA36E9472837A76300A89D3A /* BLEHelper.swift in Sources */ = {isa = PBXBuildFile; fileRef = FA36E9462837A76300A89D3A /* BLEHelper.swift */; };
		FA616D01282DB43A00EB3B62 /* Mini_TangivelApp.swift in Sources */ = {isa = PBXBuildFile; fileRef = FA616D00282DB43A00EB3B62 /* Mini_TangivelApp.swift */; };
		FA616D03282DB43A00EB3B62 /* ContentView.swift in Sources */ = {isa = PBXBuildFile; fileRef = FA616D02282DB43A00EB3B62 /* ContentView.swift */; };
		FA616D05282DB43B00EB3B62 /* Assets.xcassets in Resources */ = {isa = PBXBuildFile; fileRef = FA616D04282DB43B00EB3B62 /* Assets.xcassets */; };
		FA616D08282DB43B00EB3B62 /* Preview Assets.xcassets in Resources */ = {isa = PBXBuildFile; fileRef = FA616D07282DB43B00EB3B62 /* Preview Assets.xcassets */; };
		FA616D10282DB46000EB3B62 /* GameProtocol.swift in Sources */ = {isa = PBXBuildFile; fileRef = FA616D0F282DB46000EB3B62 /* GameProtocol.swift */; };
		FA616D12282DB56500EB3B62 /* Game.swift in Sources */ = {isa = PBXBuildFile; fileRef = FA616D11282DB56500EB3B62 /* Game.swift */; };
		FA616D14282DB57900EB3B62 /* GenericAlphaBetaPlayer.swift in Sources */ = {isa = PBXBuildFile; fileRef = FA616D13282DB57900EB3B62 /* GenericAlphaBetaPlayer.swift */; };
		FA7B1AA32833408C00542BC4 /* PeripheralViewModel.swift in Sources */ = {isa = PBXBuildFile; fileRef = FA7B1AA22833408C00542BC4 /* PeripheralViewModel.swift */; };
		FA7B1AA8283341A300542BC4 /* UIColorExtension.swift in Sources */ = {isa = PBXBuildFile; fileRef = FA7B1AA7283341A300542BC4 /* UIColorExtension.swift */; };
		FA8D2C582836B78400FEA299 /* FirebaseReference.swift in Sources */ = {isa = PBXBuildFile; fileRef = FA8D2C572836B78400FEA299 /* FirebaseReference.swift */; };
		FA8D2C5A2836BC5100FEA299 /* FirebaseService.swift in Sources */ = {isa = PBXBuildFile; fileRef = FA8D2C592836BC5100FEA299 /* FirebaseService.swift */; };
		FAAFAADC2836CD1400DC1472 /* FirebaseFirestore in Frameworks */ = {isa = PBXBuildFile; productRef = FAAFAADB2836CD1400DC1472 /* FirebaseFirestore */; };
		FAAFAADE2836CD1400DC1472 /* FirebaseFirestoreCombine-Community in Frameworks */ = {isa = PBXBuildFile; productRef = FAAFAADD2836CD1400DC1472 /* FirebaseFirestoreCombine-Community */; };
		FAAFAAE02836CD1400DC1472 /* FirebaseFirestoreSwift in Frameworks */ = {isa = PBXBuildFile; productRef = FAAFAADF2836CD1400DC1472 /* FirebaseFirestoreSwift */; };
		FAAFAAE22836D2A800DC1472 /* GameRoom.swift in Sources */ = {isa = PBXBuildFile; fileRef = FAAFAAE12836D2A800DC1472 /* GameRoom.swift */; };
		FAAFAAE628371C9800DC1472 /* MainView(TEMP-TEST).swift in Sources */ = {isa = PBXBuildFile; fileRef = FAAFAAE528371C9800DC1472 /* MainView(TEMP-TEST).swift */; };
		FAAFAAE828371CE400DC1472 /* RoomViewModel.swift in Sources */ = {isa = PBXBuildFile; fileRef = FAAFAAE728371CE400DC1472 /* RoomViewModel.swift */; };
		FAAFAAEA28371F9100DC1472 /* RoomView(TEMP-TEST).swift in Sources */ = {isa = PBXBuildFile; fileRef = FAAFAAE928371F9100DC1472 /* RoomView(TEMP-TEST).swift */; };
		FAAFAAEC283720CD00DC1472 /* GoogleService-Info.plist in Resources */ = {isa = PBXBuildFile; fileRef = FAAFAAEB283720CD00DC1472 /* GoogleService-Info.plist */; };
/* End PBXBuildFile section */

/* Begin PBXFileReference section */
		FA30D32928314E5F00EA2BAF /* Players.swift */ = {isa = PBXFileReference; lastKnownFileType = sourcecode.swift; path = Players.swift; sourceTree = "<group>"; };
		FA30D32E2831697F00EA2BAF /* ConnectFourViewModel.swift */ = {isa = PBXFileReference; lastKnownFileType = sourcecode.swift; path = ConnectFourViewModel.swift; sourceTree = "<group>"; };
		FA30D33028317A1A00EA2BAF /* ConnectFourView.swift */ = {isa = PBXFileReference; lastKnownFileType = sourcecode.swift; path = ConnectFourView.swift; sourceTree = "<group>"; };
		FA30D3322831C56D00EA2BAF /* ConnectFourGridView.swift */ = {isa = PBXFileReference; lastKnownFileType = sourcecode.swift; path = ConnectFourGridView.swift; sourceTree = "<group>"; };
		FA30D3342831C5E200EA2BAF /* ConnectFourCellView.swift */ = {isa = PBXFileReference; lastKnownFileType = sourcecode.swift; path = ConnectFourCellView.swift; sourceTree = "<group>"; };
		FA33040C282EA9ED0022F634 /* State.swift */ = {isa = PBXFileReference; lastKnownFileType = sourcecode.swift; path = State.swift; sourceTree = "<group>"; };
		FA330410282EB11F0022F634 /* Action.swift */ = {isa = PBXFileReference; lastKnownFileType = sourcecode.swift; path = Action.swift; sourceTree = "<group>"; };
		FA36E9462837A76300A89D3A /* BLEHelper.swift */ = {isa = PBXFileReference; lastKnownFileType = sourcecode.swift; path = BLEHelper.swift; sourceTree = "<group>"; };
		FA616CFD282DB43A00EB3B62 /* Mini-Tangivel.app */ = {isa = PBXFileReference; explicitFileType = wrapper.application; includeInIndex = 0; path = "Mini-Tangivel.app"; sourceTree = BUILT_PRODUCTS_DIR; };
		FA616D00282DB43A00EB3B62 /* Mini_TangivelApp.swift */ = {isa = PBXFileReference; lastKnownFileType = sourcecode.swift; path = Mini_TangivelApp.swift; sourceTree = "<group>"; };
		FA616D02282DB43A00EB3B62 /* ContentView.swift */ = {isa = PBXFileReference; lastKnownFileType = sourcecode.swift; path = ContentView.swift; sourceTree = "<group>"; };
		FA616D04282DB43B00EB3B62 /* Assets.xcassets */ = {isa = PBXFileReference; lastKnownFileType = folder.assetcatalog; path = Assets.xcassets; sourceTree = "<group>"; };
		FA616D07282DB43B00EB3B62 /* Preview Assets.xcassets */ = {isa = PBXFileReference; lastKnownFileType = folder.assetcatalog; path = "Preview Assets.xcassets"; sourceTree = "<group>"; };
		FA616D0F282DB46000EB3B62 /* GameProtocol.swift */ = {isa = PBXFileReference; lastKnownFileType = sourcecode.swift; path = GameProtocol.swift; sourceTree = "<group>"; };
		FA616D11282DB56500EB3B62 /* Game.swift */ = {isa = PBXFileReference; lastKnownFileType = sourcecode.swift; path = Game.swift; sourceTree = "<group>"; };
		FA616D13282DB57900EB3B62 /* GenericAlphaBetaPlayer.swift */ = {isa = PBXFileReference; lastKnownFileType = sourcecode.swift; path = GenericAlphaBetaPlayer.swift; sourceTree = "<group>"; };
		FA7B1AA22833408C00542BC4 /* PeripheralViewModel.swift */ = {isa = PBXFileReference; lastKnownFileType = sourcecode.swift; path = PeripheralViewModel.swift; sourceTree = "<group>"; };
		FA7B1AA7283341A300542BC4 /* UIColorExtension.swift */ = {isa = PBXFileReference; lastKnownFileType = sourcecode.swift; path = UIColorExtension.swift; sourceTree = "<group>"; };
		FA8D2C572836B78400FEA299 /* FirebaseReference.swift */ = {isa = PBXFileReference; lastKnownFileType = sourcecode.swift; path = FirebaseReference.swift; sourceTree = "<group>"; };
		FA8D2C592836BC5100FEA299 /* FirebaseService.swift */ = {isa = PBXFileReference; lastKnownFileType = sourcecode.swift; path = FirebaseService.swift; sourceTree = "<group>"; };
		FAAFAAE12836D2A800DC1472 /* GameRoom.swift */ = {isa = PBXFileReference; lastKnownFileType = sourcecode.swift; path = GameRoom.swift; sourceTree = "<group>"; };
		FAAFAAE528371C9800DC1472 /* MainView(TEMP-TEST).swift */ = {isa = PBXFileReference; lastKnownFileType = sourcecode.swift; path = "MainView(TEMP-TEST).swift"; sourceTree = "<group>"; };
		FAAFAAE728371CE400DC1472 /* RoomViewModel.swift */ = {isa = PBXFileReference; lastKnownFileType = sourcecode.swift; path = RoomViewModel.swift; sourceTree = "<group>"; };
		FAAFAAE928371F9100DC1472 /* RoomView(TEMP-TEST).swift */ = {isa = PBXFileReference; lastKnownFileType = sourcecode.swift; path = "RoomView(TEMP-TEST).swift"; sourceTree = "<group>"; };
		FAAFAAEB283720CD00DC1472 /* GoogleService-Info.plist */ = {isa = PBXFileReference; fileEncoding = 4; lastKnownFileType = text.plist.xml; path = "GoogleService-Info.plist"; sourceTree = "<group>"; };
/* End PBXFileReference section */

/* Begin PBXFrameworksBuildPhase section */
		FA616CFA282DB43A00EB3B62 /* Frameworks */ = {
			isa = PBXFrameworksBuildPhase;
			buildActionMask = 2147483647;
			files = (
				FAAFAADC2836CD1400DC1472 /* FirebaseFirestore in Frameworks */,
				FAAFAADE2836CD1400DC1472 /* FirebaseFirestoreCombine-Community in Frameworks */,
				FAAFAAE02836CD1400DC1472 /* FirebaseFirestoreSwift in Frameworks */,
			);
			runOnlyForDeploymentPostprocessing = 0;
		};
/* End PBXFrameworksBuildPhase section */

/* Begin PBXGroup section */
		FA30D32C2831695600EA2BAF /* ViewModel */ = {
			isa = PBXGroup;
			children = (
				FA7B1AA42833409700542BC4 /* BLE Connection */,
				FA30D32E2831697F00EA2BAF /* ConnectFourViewModel.swift */,
				FAAFAAE728371CE400DC1472 /* RoomViewModel.swift */,
			);
			path = ViewModel;
			sourceTree = "<group>";
		};
		FA30D32D2831696100EA2BAF /* View */ = {
			isa = PBXGroup;
			children = (
				FAAFAAE328371C6400DC1472 /* ConnectFour(TEMP) */,
				FAAFAAE528371C9800DC1472 /* MainView(TEMP-TEST).swift */,
				FAAFAAE928371F9100DC1472 /* RoomView(TEMP-TEST).swift */,
			);
			path = View;
			sourceTree = "<group>";
		};
		FA330412282EB1230022F634 /* ConnectFour */ = {
			isa = PBXGroup;
			children = (
				FA616D11282DB56500EB3B62 /* Game.swift */,
				FA330410282EB11F0022F634 /* Action.swift */,
				FA33040C282EA9ED0022F634 /* State.swift */,
				FA30D32928314E5F00EA2BAF /* Players.swift */,
			);
			path = ConnectFour;
			sourceTree = "<group>";
		};
		FA36E9452837A72300A89D3A /* Bluetooth */ = {
			isa = PBXGroup;
			children = (
				FA36E9462837A76300A89D3A /* BLEHelper.swift */,
			);
			path = Bluetooth;
			sourceTree = "<group>";
		};
		FA616CF4282DB43A00EB3B62 = {
			isa = PBXGroup;
			children = (
				FAAFAAEB283720CD00DC1472 /* GoogleService-Info.plist */,
				FA616CFF282DB43A00EB3B62 /* Mini-Tangivel */,
				FA616CFE282DB43A00EB3B62 /* Products */,
			);
			sourceTree = "<group>";
		};
		FA616CFE282DB43A00EB3B62 /* Products */ = {
			isa = PBXGroup;
			children = (
				FA616CFD282DB43A00EB3B62 /* Mini-Tangivel.app */,
			);
			name = Products;
			sourceTree = "<group>";
		};
		FA616CFF282DB43A00EB3B62 /* Mini-Tangivel */ = {
			isa = PBXGroup;
			children = (
				FA7B1AA52833418B00542BC4 /* Utils */,
				FA616D0E282DB44E00EB3B62 /* Model */,
				FA30D32D2831696100EA2BAF /* View */,
				FA30D32C2831695600EA2BAF /* ViewModel */,
				FA616D00282DB43A00EB3B62 /* Mini_TangivelApp.swift */,
				FA616D02282DB43A00EB3B62 /* ContentView.swift */,
				FA616D04282DB43B00EB3B62 /* Assets.xcassets */,
				FA616D06282DB43B00EB3B62 /* Preview Content */,
			);
			path = "Mini-Tangivel";
			sourceTree = "<group>";
		};
		FA616D06282DB43B00EB3B62 /* Preview Content */ = {
			isa = PBXGroup;
			children = (
				FA616D07282DB43B00EB3B62 /* Preview Assets.xcassets */,
			);
			path = "Preview Content";
			sourceTree = "<group>";
		};
		FA616D0E282DB44E00EB3B62 /* Model */ = {
			isa = PBXGroup;
			children = (
				FA330412282EB1230022F634 /* ConnectFour */,
				FA616D0F282DB46000EB3B62 /* GameProtocol.swift */,
				FA616D13282DB57900EB3B62 /* GenericAlphaBetaPlayer.swift */,
				FAAFAAE12836D2A800DC1472 /* GameRoom.swift */,
			);
			path = Model;
			sourceTree = "<group>";
		};
		FA7B1AA42833409700542BC4 /* BLE Connection */ = {
			isa = PBXGroup;
			children = (
				FA7B1AA22833408C00542BC4 /* PeripheralViewModel.swift */,
			);
			path = "BLE Connection";
			sourceTree = "<group>";
		};
		FA7B1AA52833418B00542BC4 /* Utils */ = {
			isa = PBXGroup;
			children = (
				FA36E9452837A72300A89D3A /* Bluetooth */,
				FA8D2C562836B76B00FEA299 /* Firebase */,
				FA7B1AA62833419400542BC4 /* UIColor */,
			);
			path = Utils;
			sourceTree = "<group>";
		};
		FA7B1AA62833419400542BC4 /* UIColor */ = {
			isa = PBXGroup;
			children = (
				FA7B1AA7283341A300542BC4 /* UIColorExtension.swift */,
			);
			path = UIColor;
			sourceTree = "<group>";
		};
		FA8D2C562836B76B00FEA299 /* Firebase */ = {
			isa = PBXGroup;
			children = (
				FA8D2C572836B78400FEA299 /* FirebaseReference.swift */,
				FA8D2C592836BC5100FEA299 /* FirebaseService.swift */,
			);
			path = Firebase;
			sourceTree = "<group>";
		};
		FAAFAAE328371C6400DC1472 /* ConnectFour(TEMP) */ = {
			isa = PBXGroup;
			children = (
				FA30D33028317A1A00EA2BAF /* ConnectFourView.swift */,
				FA30D3322831C56D00EA2BAF /* ConnectFourGridView.swift */,
				FA30D3342831C5E200EA2BAF /* ConnectFourCellView.swift */,
			);
			path = "ConnectFour(TEMP)";
			sourceTree = "<group>";
		};
/* End PBXGroup section */

/* Begin PBXNativeTarget section */
		FA616CFC282DB43A00EB3B62 /* Mini-Tangivel */ = {
			isa = PBXNativeTarget;
			buildConfigurationList = FA616D0B282DB43B00EB3B62 /* Build configuration list for PBXNativeTarget "Mini-Tangivel" */;
			buildPhases = (
				FA616CF9282DB43A00EB3B62 /* Sources */,
				FA616CFA282DB43A00EB3B62 /* Frameworks */,
				FA616CFB282DB43A00EB3B62 /* Resources */,
			);
			buildRules = (
			);
			dependencies = (
			);
			name = "Mini-Tangivel";
			packageProductDependencies = (
				FAAFAADB2836CD1400DC1472 /* FirebaseFirestore */,
				FAAFAADD2836CD1400DC1472 /* FirebaseFirestoreCombine-Community */,
				FAAFAADF2836CD1400DC1472 /* FirebaseFirestoreSwift */,
			);
			productName = "Mini-Tangivel";
			productReference = FA616CFD282DB43A00EB3B62 /* Mini-Tangivel.app */;
			productType = "com.apple.product-type.application";
		};
/* End PBXNativeTarget section */

/* Begin PBXProject section */
		FA616CF5282DB43A00EB3B62 /* Project object */ = {
			isa = PBXProject;
			attributes = {
				BuildIndependentTargetsInParallel = 1;
				LastSwiftUpdateCheck = 1320;
				LastUpgradeCheck = 1320;
				TargetAttributes = {
					FA616CFC282DB43A00EB3B62 = {
						CreatedOnToolsVersion = 13.2.1;
					};
				};
			};
			buildConfigurationList = FA616CF8282DB43A00EB3B62 /* Build configuration list for PBXProject "Mini-Tangivel" */;
			compatibilityVersion = "Xcode 13.0";
			developmentRegion = en;
			hasScannedForEncodings = 0;
			knownRegions = (
				en,
				Base,
			);
			mainGroup = FA616CF4282DB43A00EB3B62;
			packageReferences = (
				FAAFAADA2836CD1400DC1472 /* XCRemoteSwiftPackageReference "firebase-ios-sdk" */,
			);
			productRefGroup = FA616CFE282DB43A00EB3B62 /* Products */;
			projectDirPath = "";
			projectRoot = "";
			targets = (
				FA616CFC282DB43A00EB3B62 /* Mini-Tangivel */,
			);
		};
/* End PBXProject section */

/* Begin PBXResourcesBuildPhase section */
		FA616CFB282DB43A00EB3B62 /* Resources */ = {
			isa = PBXResourcesBuildPhase;
			buildActionMask = 2147483647;
			files = (
				FA616D08282DB43B00EB3B62 /* Preview Assets.xcassets in Resources */,
				FA616D05282DB43B00EB3B62 /* Assets.xcassets in Resources */,
				FAAFAAEC283720CD00DC1472 /* GoogleService-Info.plist in Resources */,
			);
			runOnlyForDeploymentPostprocessing = 0;
		};
/* End PBXResourcesBuildPhase section */

/* Begin PBXSourcesBuildPhase section */
		FA616CF9282DB43A00EB3B62 /* Sources */ = {
			isa = PBXSourcesBuildPhase;
			buildActionMask = 2147483647;
			files = (
				FA330411282EB11F0022F634 /* Action.swift in Sources */,
				FA7B1AA8283341A300542BC4 /* UIColorExtension.swift in Sources */,
				FA8D2C5A2836BC5100FEA299 /* FirebaseService.swift in Sources */,
				FA30D3352831C5E200EA2BAF /* ConnectFourCellView.swift in Sources */,
				FA33040D282EA9ED0022F634 /* State.swift in Sources */,
				FA30D3332831C56D00EA2BAF /* ConnectFourGridView.swift in Sources */,
				FAAFAAE22836D2A800DC1472 /* GameRoom.swift in Sources */,
				FA616D12282DB56500EB3B62 /* Game.swift in Sources */,
				FA616D10282DB46000EB3B62 /* GameProtocol.swift in Sources */,
				FA616D03282DB43A00EB3B62 /* ContentView.swift in Sources */,
				FA7B1AA32833408C00542BC4 /* PeripheralViewModel.swift in Sources */,
				FA616D14282DB57900EB3B62 /* GenericAlphaBetaPlayer.swift in Sources */,
				FA8D2C582836B78400FEA299 /* FirebaseReference.swift in Sources */,
				FA30D32F2831697F00EA2BAF /* ConnectFourViewModel.swift in Sources */,
				FAAFAAE628371C9800DC1472 /* MainView(TEMP-TEST).swift in Sources */,
				FA36E9472837A76300A89D3A /* BLEHelper.swift in Sources */,
				FA616D01282DB43A00EB3B62 /* Mini_TangivelApp.swift in Sources */,
				FA30D32A28314E5F00EA2BAF /* Players.swift in Sources */,
				FAAFAAEA28371F9100DC1472 /* RoomView(TEMP-TEST).swift in Sources */,
				FA30D33128317A1A00EA2BAF /* ConnectFourView.swift in Sources */,
				FAAFAAE828371CE400DC1472 /* RoomViewModel.swift in Sources */,
			);
			runOnlyForDeploymentPostprocessing = 0;
		};
/* End PBXSourcesBuildPhase section */

/* Begin XCBuildConfiguration section */
		FA616D09282DB43B00EB3B62 /* Debug */ = {
			isa = XCBuildConfiguration;
			buildSettings = {
				ALWAYS_SEARCH_USER_PATHS = NO;
				CLANG_ANALYZER_NONNULL = YES;
				CLANG_ANALYZER_NUMBER_OBJECT_CONVERSION = YES_AGGRESSIVE;
				CLANG_CXX_LANGUAGE_STANDARD = "gnu++17";
				CLANG_CXX_LIBRARY = "libc++";
				CLANG_ENABLE_MODULES = YES;
				CLANG_ENABLE_OBJC_ARC = YES;
				CLANG_ENABLE_OBJC_WEAK = YES;
				CLANG_WARN_BLOCK_CAPTURE_AUTORELEASING = YES;
				CLANG_WARN_BOOL_CONVERSION = YES;
				CLANG_WARN_COMMA = YES;
				CLANG_WARN_CONSTANT_CONVERSION = YES;
				CLANG_WARN_DEPRECATED_OBJC_IMPLEMENTATIONS = YES;
				CLANG_WARN_DIRECT_OBJC_ISA_USAGE = YES_ERROR;
				CLANG_WARN_DOCUMENTATION_COMMENTS = YES;
				CLANG_WARN_EMPTY_BODY = YES;
				CLANG_WARN_ENUM_CONVERSION = YES;
				CLANG_WARN_INFINITE_RECURSION = YES;
				CLANG_WARN_INT_CONVERSION = YES;
				CLANG_WARN_NON_LITERAL_NULL_CONVERSION = YES;
				CLANG_WARN_OBJC_IMPLICIT_RETAIN_SELF = YES;
				CLANG_WARN_OBJC_LITERAL_CONVERSION = YES;
				CLANG_WARN_OBJC_ROOT_CLASS = YES_ERROR;
				CLANG_WARN_QUOTED_INCLUDE_IN_FRAMEWORK_HEADER = YES;
				CLANG_WARN_RANGE_LOOP_ANALYSIS = YES;
				CLANG_WARN_STRICT_PROTOTYPES = YES;
				CLANG_WARN_SUSPICIOUS_MOVE = YES;
				CLANG_WARN_UNGUARDED_AVAILABILITY = YES_AGGRESSIVE;
				CLANG_WARN_UNREACHABLE_CODE = YES;
				CLANG_WARN__DUPLICATE_METHOD_MATCH = YES;
				COPY_PHASE_STRIP = NO;
				DEBUG_INFORMATION_FORMAT = dwarf;
				ENABLE_STRICT_OBJC_MSGSEND = YES;
				ENABLE_TESTABILITY = YES;
				GCC_C_LANGUAGE_STANDARD = gnu11;
				GCC_DYNAMIC_NO_PIC = NO;
				GCC_NO_COMMON_BLOCKS = YES;
				GCC_OPTIMIZATION_LEVEL = 0;
				GCC_PREPROCESSOR_DEFINITIONS = (
					"DEBUG=1",
					"$(inherited)",
				);
				GCC_WARN_64_TO_32_BIT_CONVERSION = YES;
				GCC_WARN_ABOUT_RETURN_TYPE = YES_ERROR;
				GCC_WARN_UNDECLARED_SELECTOR = YES;
				GCC_WARN_UNINITIALIZED_AUTOS = YES_AGGRESSIVE;
				GCC_WARN_UNUSED_FUNCTION = YES;
				GCC_WARN_UNUSED_VARIABLE = YES;
				IPHONEOS_DEPLOYMENT_TARGET = 15.2;
				MTL_ENABLE_DEBUG_INFO = INCLUDE_SOURCE;
				MTL_FAST_MATH = YES;
				ONLY_ACTIVE_ARCH = YES;
				SDKROOT = iphoneos;
				SWIFT_ACTIVE_COMPILATION_CONDITIONS = DEBUG;
				SWIFT_OPTIMIZATION_LEVEL = "-Onone";
			};
			name = Debug;
		};
		FA616D0A282DB43B00EB3B62 /* Release */ = {
			isa = XCBuildConfiguration;
			buildSettings = {
				ALWAYS_SEARCH_USER_PATHS = NO;
				CLANG_ANALYZER_NONNULL = YES;
				CLANG_ANALYZER_NUMBER_OBJECT_CONVERSION = YES_AGGRESSIVE;
				CLANG_CXX_LANGUAGE_STANDARD = "gnu++17";
				CLANG_CXX_LIBRARY = "libc++";
				CLANG_ENABLE_MODULES = YES;
				CLANG_ENABLE_OBJC_ARC = YES;
				CLANG_ENABLE_OBJC_WEAK = YES;
				CLANG_WARN_BLOCK_CAPTURE_AUTORELEASING = YES;
				CLANG_WARN_BOOL_CONVERSION = YES;
				CLANG_WARN_COMMA = YES;
				CLANG_WARN_CONSTANT_CONVERSION = YES;
				CLANG_WARN_DEPRECATED_OBJC_IMPLEMENTATIONS = YES;
				CLANG_WARN_DIRECT_OBJC_ISA_USAGE = YES_ERROR;
				CLANG_WARN_DOCUMENTATION_COMMENTS = YES;
				CLANG_WARN_EMPTY_BODY = YES;
				CLANG_WARN_ENUM_CONVERSION = YES;
				CLANG_WARN_INFINITE_RECURSION = YES;
				CLANG_WARN_INT_CONVERSION = YES;
				CLANG_WARN_NON_LITERAL_NULL_CONVERSION = YES;
				CLANG_WARN_OBJC_IMPLICIT_RETAIN_SELF = YES;
				CLANG_WARN_OBJC_LITERAL_CONVERSION = YES;
				CLANG_WARN_OBJC_ROOT_CLASS = YES_ERROR;
				CLANG_WARN_QUOTED_INCLUDE_IN_FRAMEWORK_HEADER = YES;
				CLANG_WARN_RANGE_LOOP_ANALYSIS = YES;
				CLANG_WARN_STRICT_PROTOTYPES = YES;
				CLANG_WARN_SUSPICIOUS_MOVE = YES;
				CLANG_WARN_UNGUARDED_AVAILABILITY = YES_AGGRESSIVE;
				CLANG_WARN_UNREACHABLE_CODE = YES;
				CLANG_WARN__DUPLICATE_METHOD_MATCH = YES;
				COPY_PHASE_STRIP = NO;
				DEBUG_INFORMATION_FORMAT = "dwarf-with-dsym";
				ENABLE_NS_ASSERTIONS = NO;
				ENABLE_STRICT_OBJC_MSGSEND = YES;
				GCC_C_LANGUAGE_STANDARD = gnu11;
				GCC_NO_COMMON_BLOCKS = YES;
				GCC_WARN_64_TO_32_BIT_CONVERSION = YES;
				GCC_WARN_ABOUT_RETURN_TYPE = YES_ERROR;
				GCC_WARN_UNDECLARED_SELECTOR = YES;
				GCC_WARN_UNINITIALIZED_AUTOS = YES_AGGRESSIVE;
				GCC_WARN_UNUSED_FUNCTION = YES;
				GCC_WARN_UNUSED_VARIABLE = YES;
				IPHONEOS_DEPLOYMENT_TARGET = 15.2;
				MTL_ENABLE_DEBUG_INFO = NO;
				MTL_FAST_MATH = YES;
				SDKROOT = iphoneos;
				SWIFT_COMPILATION_MODE = wholemodule;
				SWIFT_OPTIMIZATION_LEVEL = "-O";
				VALIDATE_PRODUCT = YES;
			};
			name = Release;
		};
		FA616D0C282DB43B00EB3B62 /* Debug */ = {
			isa = XCBuildConfiguration;
			buildSettings = {
				ASSETCATALOG_COMPILER_APPICON_NAME = AppIcon;
				ASSETCATALOG_COMPILER_GLOBAL_ACCENT_COLOR_NAME = AccentColor;
				CODE_SIGN_STYLE = Automatic;
				CURRENT_PROJECT_VERSION = 1;
				DEVELOPMENT_ASSET_PATHS = "\"Mini-Tangivel/Preview Content\"";
				DEVELOPMENT_TEAM = 8KLVK79M3G;
				ENABLE_PREVIEWS = YES;
				GENERATE_INFOPLIST_FILE = YES;
				INFOPLIST_KEY_NSBluetoothAlwaysUsageDescription = "This app uses Bluetooth to connect to the peripheral.";
				INFOPLIST_KEY_NSBluetoothPeripheralUsageDescription = "This app uses Bluetooth to connect to the peripheral.";
				INFOPLIST_KEY_UIApplicationSceneManifest_Generation = YES;
				INFOPLIST_KEY_UIApplicationSupportsIndirectInputEvents = YES;
				INFOPLIST_KEY_UILaunchScreen_Generation = YES;
				INFOPLIST_KEY_UISupportedInterfaceOrientations_iPad = "UIInterfaceOrientationPortrait UIInterfaceOrientationPortraitUpsideDown UIInterfaceOrientationLandscapeLeft UIInterfaceOrientationLandscapeRight";
				INFOPLIST_KEY_UISupportedInterfaceOrientations_iPhone = "UIInterfaceOrientationPortrait UIInterfaceOrientationLandscapeLeft UIInterfaceOrientationLandscapeRight";
				LD_RUNPATH_SEARCH_PATHS = (
					"$(inherited)",
					"@executable_path/Frameworks",
				);
				MARKETING_VERSION = 1.0;
				PRODUCT_BUNDLE_IDENTIFIER = "com.example.Mini-Tangivel";
				PRODUCT_NAME = "$(TARGET_NAME)";
				SWIFT_EMIT_LOC_STRINGS = YES;
				SWIFT_VERSION = 5.0;
				TARGETED_DEVICE_FAMILY = "1,2";
			};
			name = Debug;
		};
		FA616D0D282DB43B00EB3B62 /* Release */ = {
			isa = XCBuildConfiguration;
			buildSettings = {
				ASSETCATALOG_COMPILER_APPICON_NAME = AppIcon;
				ASSETCATALOG_COMPILER_GLOBAL_ACCENT_COLOR_NAME = AccentColor;
				CODE_SIGN_STYLE = Automatic;
				CURRENT_PROJECT_VERSION = 1;
				DEVELOPMENT_ASSET_PATHS = "\"Mini-Tangivel/Preview Content\"";
				DEVELOPMENT_TEAM = 8KLVK79M3G;
				ENABLE_PREVIEWS = YES;
				GENERATE_INFOPLIST_FILE = YES;
				INFOPLIST_KEY_NSBluetoothAlwaysUsageDescription = "This app uses Bluetooth to connect to the peripheral.";
				INFOPLIST_KEY_NSBluetoothPeripheralUsageDescription = "This app uses Bluetooth to connect to the peripheral.";
				INFOPLIST_KEY_UIApplicationSceneManifest_Generation = YES;
				INFOPLIST_KEY_UIApplicationSupportsIndirectInputEvents = YES;
				INFOPLIST_KEY_UILaunchScreen_Generation = YES;
				INFOPLIST_KEY_UISupportedInterfaceOrientations_iPad = "UIInterfaceOrientationPortrait UIInterfaceOrientationPortraitUpsideDown UIInterfaceOrientationLandscapeLeft UIInterfaceOrientationLandscapeRight";
				INFOPLIST_KEY_UISupportedInterfaceOrientations_iPhone = "UIInterfaceOrientationPortrait UIInterfaceOrientationLandscapeLeft UIInterfaceOrientationLandscapeRight";
				LD_RUNPATH_SEARCH_PATHS = (
					"$(inherited)",
					"@executable_path/Frameworks",
				);
				MARKETING_VERSION = 1.0;
				PRODUCT_BUNDLE_IDENTIFIER = "com.example.Mini-Tangivel";
				PRODUCT_NAME = "$(TARGET_NAME)";
				SWIFT_EMIT_LOC_STRINGS = YES;
				SWIFT_VERSION = 5.0;
				TARGETED_DEVICE_FAMILY = "1,2";
			};
			name = Release;
		};
/* End XCBuildConfiguration section */

/* Begin XCConfigurationList section */
		FA616CF8282DB43A00EB3B62 /* Build configuration list for PBXProject "Mini-Tangivel" */ = {
			isa = XCConfigurationList;
			buildConfigurations = (
				FA616D09282DB43B00EB3B62 /* Debug */,
				FA616D0A282DB43B00EB3B62 /* Release */,
			);
			defaultConfigurationIsVisible = 0;
			defaultConfigurationName = Release;
		};
		FA616D0B282DB43B00EB3B62 /* Build configuration list for PBXNativeTarget "Mini-Tangivel" */ = {
			isa = XCConfigurationList;
			buildConfigurations = (
				FA616D0C282DB43B00EB3B62 /* Debug */,
				FA616D0D282DB43B00EB3B62 /* Release */,
			);
			defaultConfigurationIsVisible = 0;
			defaultConfigurationName = Release;
		};
/* End XCConfigurationList section */

/* Begin XCRemoteSwiftPackageReference section */
		FAAFAADA2836CD1400DC1472 /* XCRemoteSwiftPackageReference "firebase-ios-sdk" */ = {
			isa = XCRemoteSwiftPackageReference;
			repositoryURL = "https://github.com/firebase/firebase-ios-sdk";
			requirement = {
				kind = upToNextMajorVersion;
				minimumVersion = 9.0.0;
			};
		};
/* End XCRemoteSwiftPackageReference section */

/* Begin XCSwiftPackageProductDependency section */
		FAAFAADB2836CD1400DC1472 /* FirebaseFirestore */ = {
			isa = XCSwiftPackageProductDependency;
			package = FAAFAADA2836CD1400DC1472 /* XCRemoteSwiftPackageReference "firebase-ios-sdk" */;
			productName = FirebaseFirestore;
		};
		FAAFAADD2836CD1400DC1472 /* FirebaseFirestoreCombine-Community */ = {
			isa = XCSwiftPackageProductDependency;
			package = FAAFAADA2836CD1400DC1472 /* XCRemoteSwiftPackageReference "firebase-ios-sdk" */;
			productName = "FirebaseFirestoreCombine-Community";
		};
		FAAFAADF2836CD1400DC1472 /* FirebaseFirestoreSwift */ = {
			isa = XCSwiftPackageProductDependency;
			package = FAAFAADA2836CD1400DC1472 /* XCRemoteSwiftPackageReference "firebase-ios-sdk" */;
			productName = FirebaseFirestoreSwift;
		};
/* End XCSwiftPackageProductDependency section */
	};
	rootObject = FA616CF5282DB43A00EB3B62 /* Project object */;
}
